// !$*UTF8*$!
{
	archiveVersion = 1;
	classes = {
	};
	objectVersion = 46;
	objects = {

/* Begin PBXBuildFile section */
		B25923EE1A8CDC26000654B8 /* TestViewController.swift in Sources */ = {isa = PBXBuildFile; fileRef = B25923ED1A8CDC26000654B8 /* TestViewController.swift */; };
		B270CECF1A778D3F003C981B /* AppDelegate.swift in Sources */ = {isa = PBXBuildFile; fileRef = B270CECE1A778D3F003C981B /* AppDelegate.swift */; };
		B270CED11A778D3F003C981B /* ViewController.swift in Sources */ = {isa = PBXBuildFile; fileRef = B270CED01A778D3F003C981B /* ViewController.swift */; };
		B270CED61A778D3F003C981B /* Images.xcassets in Resources */ = {isa = PBXBuildFile; fileRef = B270CED51A778D3F003C981B /* Images.xcassets */; };
		B270CED91A778D3F003C981B /* LaunchScreen.xib in Resources */ = {isa = PBXBuildFile; fileRef = B270CED71A778D3F003C981B /* LaunchScreen.xib */; };
		B270CEE51A778D3F003C981B /* UBMannheimAppTests.swift in Sources */ = {isa = PBXBuildFile; fileRef = B270CEE41A778D3F003C981B /* UBMannheimAppTests.swift */; };
		B2B981B21A8CA58E001B390B /* MainViewController.swift in Sources */ = {isa = PBXBuildFile; fileRef = B2266FB31A825C1500C11E08 /* MainViewController.swift */; };
		B2C4A7A21A8B413500B79B10 /* WebViewController.swift in Sources */ = {isa = PBXBuildFile; fileRef = B2C4A7A11A8B413500B79B10 /* WebViewController.swift */; };
		B2C4A7A41A8B483800B79B10 /* SeatsViewController.swift in Sources */ = {isa = PBXBuildFile; fileRef = B2C4A7A31A8B483800B79B10 /* SeatsViewController.swift */; };
		B2C4A7A81A8B842700B79B10 /* TableViewController.swift in Sources */ = {isa = PBXBuildFile; fileRef = B2C4A7A71A8B842700B79B10 /* TableViewController.swift */; };
		B2E46A3A1A8CA77A00C88E7C /* Main.storyboard in Resources */ = {isa = PBXBuildFile; fileRef = B270CED21A778D3F003C981B /* Main.storyboard */; };
		B2FF89F31A8B9D3E00786581 /* FeedPageViewController.swift in Sources */ = {isa = PBXBuildFile; fileRef = B2FF89EE1A8B9D3E00786581 /* FeedPageViewController.swift */; };
		B2FF89F41A8B9D3E00786581 /* FeedTableViewController.swift in Sources */ = {isa = PBXBuildFile; fileRef = B2FF89EF1A8B9D3E00786581 /* FeedTableViewController.swift */; };
		B2FF89F51A8B9D3E00786581 /* NewFeedViewController.swift in Sources */ = {isa = PBXBuildFile; fileRef = B2FF89F01A8B9D3E00786581 /* NewFeedViewController.swift */; };
		B2FF89F61A8B9D3E00786581 /* FeedWebPageViewController.swift in Sources */ = {isa = PBXBuildFile; fileRef = B2FF89F11A8B9D3E00786581 /* FeedWebPageViewController.swift */; };
		B2FF89F71A8B9D3E00786581 /* XmlParserManager.swift in Sources */ = {isa = PBXBuildFile; fileRef = B2FF89F21A8B9D3E00786581 /* XmlParserManager.swift */; };
/* End PBXBuildFile section */

/* Begin PBXContainerItemProxy section */
		B270CEDF1A778D3F003C981B /* PBXContainerItemProxy */ = {
			isa = PBXContainerItemProxy;
			containerPortal = B270CEC11A778D3E003C981B /* Project object */;
			proxyType = 1;
			remoteGlobalIDString = B270CEC81A778D3F003C981B;
			remoteInfo = UBMannheimApp;
		};
/* End PBXContainerItemProxy section */

/* Begin PBXFileReference section */
		B2266FB31A825C1500C11E08 /* MainViewController.swift */ = {isa = PBXFileReference; fileEncoding = 4; lastKnownFileType = sourcecode.swift; path = MainViewController.swift; sourceTree = "<group>"; };
		B25923ED1A8CDC26000654B8 /* TestViewController.swift */ = {isa = PBXFileReference; fileEncoding = 4; lastKnownFileType = sourcecode.swift; path = TestViewController.swift; sourceTree = "<group>"; };
		B270CEC91A778D3F003C981B /* UBMannheimApp.app */ = {isa = PBXFileReference; explicitFileType = wrapper.application; includeInIndex = 0; path = UBMannheimApp.app; sourceTree = BUILT_PRODUCTS_DIR; };
		B270CECD1A778D3F003C981B /* Info.plist */ = {isa = PBXFileReference; lastKnownFileType = text.plist.xml; path = Info.plist; sourceTree = "<group>"; };
		B270CECE1A778D3F003C981B /* AppDelegate.swift */ = {isa = PBXFileReference; lastKnownFileType = sourcecode.swift; path = AppDelegate.swift; sourceTree = "<group>"; };
		B270CED01A778D3F003C981B /* ViewController.swift */ = {isa = PBXFileReference; lastKnownFileType = sourcecode.swift; path = ViewController.swift; sourceTree = "<group>"; };
		B270CED31A778D3F003C981B /* Base */ = {isa = PBXFileReference; lastKnownFileType = file.storyboard; name = Base; path = Base.lproj/Main.storyboard; sourceTree = "<group>"; };
		B270CED51A778D3F003C981B /* Images.xcassets */ = {isa = PBXFileReference; lastKnownFileType = folder.assetcatalog; path = Images.xcassets; sourceTree = "<group>"; };
		B270CED81A778D3F003C981B /* Base */ = {isa = PBXFileReference; lastKnownFileType = file.xib; name = Base; path = Base.lproj/LaunchScreen.xib; sourceTree = "<group>"; };
		B270CEDE1A778D3F003C981B /* UBMannheimAppTests.xctest */ = {isa = PBXFileReference; explicitFileType = wrapper.cfbundle; includeInIndex = 0; path = UBMannheimAppTests.xctest; sourceTree = BUILT_PRODUCTS_DIR; };
		B270CEE31A778D3F003C981B /* Info.plist */ = {isa = PBXFileReference; lastKnownFileType = text.plist.xml; path = Info.plist; sourceTree = "<group>"; };
		B270CEE41A778D3F003C981B /* UBMannheimAppTests.swift */ = {isa = PBXFileReference; lastKnownFileType = sourcecode.swift; path = UBMannheimAppTests.swift; sourceTree = "<group>"; };
		B2C4A7A11A8B413500B79B10 /* WebViewController.swift */ = {isa = PBXFileReference; fileEncoding = 4; lastKnownFileType = sourcecode.swift; path = WebViewController.swift; sourceTree = "<group>"; };
		B2C4A7A31A8B483800B79B10 /* SeatsViewController.swift */ = {isa = PBXFileReference; fileEncoding = 4; lastKnownFileType = sourcecode.swift; path = SeatsViewController.swift; sourceTree = "<group>"; };
		B2C4A7A71A8B842700B79B10 /* TableViewController.swift */ = {isa = PBXFileReference; fileEncoding = 4; lastKnownFileType = sourcecode.swift; path = TableViewController.swift; sourceTree = "<group>"; };
		B2FF89EE1A8B9D3E00786581 /* FeedPageViewController.swift */ = {isa = PBXFileReference; fileEncoding = 4; lastKnownFileType = sourcecode.swift; path = FeedPageViewController.swift; sourceTree = "<group>"; };
		B2FF89EF1A8B9D3E00786581 /* FeedTableViewController.swift */ = {isa = PBXFileReference; fileEncoding = 4; lastKnownFileType = sourcecode.swift; path = FeedTableViewController.swift; sourceTree = "<group>"; };
		B2FF89F01A8B9D3E00786581 /* NewFeedViewController.swift */ = {isa = PBXFileReference; fileEncoding = 4; lastKnownFileType = sourcecode.swift; path = NewFeedViewController.swift; sourceTree = "<group>"; };
		B2FF89F11A8B9D3E00786581 /* FeedWebPageViewController.swift */ = {isa = PBXFileReference; fileEncoding = 4; lastKnownFileType = sourcecode.swift; path = FeedWebPageViewController.swift; sourceTree = "<group>"; };
		B2FF89F21A8B9D3E00786581 /* XmlParserManager.swift */ = {isa = PBXFileReference; fileEncoding = 4; lastKnownFileType = sourcecode.swift; path = XmlParserManager.swift; sourceTree = "<group>"; };
/* End PBXFileReference section */

/* Begin PBXFrameworksBuildPhase section */
		B270CEC61A778D3F003C981B /* Frameworks */ = {
			isa = PBXFrameworksBuildPhase;
			buildActionMask = 2147483647;
			files = (
			);
			runOnlyForDeploymentPostprocessing = 0;
		};
		B270CEDB1A778D3F003C981B /* Frameworks */ = {
			isa = PBXFrameworksBuildPhase;
			buildActionMask = 2147483647;
			files = (
			);
			runOnlyForDeploymentPostprocessing = 0;
		};
/* End PBXFrameworksBuildPhase section */

/* Begin PBXGroup section */
		B270CEC01A778D3E003C981B = {
			isa = PBXGroup;
			children = (
				B270CECB1A778D3F003C981B /* UBMannheimApp */,
				B270CEE11A778D3F003C981B /* UBMannheimAppTests */,
				B270CECA1A778D3F003C981B /* Products */,
			);
			sourceTree = "<group>";
		};
		B270CECA1A778D3F003C981B /* Products */ = {
			isa = PBXGroup;
			children = (
				B270CEC91A778D3F003C981B /* UBMannheimApp.app */,
				B270CEDE1A778D3F003C981B /* UBMannheimAppTests.xctest */,
			);
			name = Products;
			sourceTree = "<group>";
		};
		B270CECB1A778D3F003C981B /* UBMannheimApp */ = {
			isa = PBXGroup;
			children = (
				B270CECE1A778D3F003C981B /* AppDelegate.swift */,
				B2C4A7A71A8B842700B79B10 /* TableViewController.swift */,
				B270CED01A778D3F003C981B /* ViewController.swift */,
				B2266FB31A825C1500C11E08 /* MainViewController.swift */,
				B2C4A7A11A8B413500B79B10 /* WebViewController.swift */,
				B2C4A7A31A8B483800B79B10 /* SeatsViewController.swift */,
				B2FF89EE1A8B9D3E00786581 /* FeedPageViewController.swift */,
				B2FF89EF1A8B9D3E00786581 /* FeedTableViewController.swift */,
				B2FF89F01A8B9D3E00786581 /* NewFeedViewController.swift */,
				B2FF89F11A8B9D3E00786581 /* FeedWebPageViewController.swift */,
				B2FF89F21A8B9D3E00786581 /* XmlParserManager.swift */,
				B270CED21A778D3F003C981B /* Main.storyboard */,
				B25923ED1A8CDC26000654B8 /* TestViewController.swift */,
				B270CED51A778D3F003C981B /* Images.xcassets */,
				B270CED71A778D3F003C981B /* LaunchScreen.xib */,
				B270CECC1A778D3F003C981B /* Supporting Files */,
			);
			path = UBMannheimApp;
			sourceTree = "<group>";
		};
		B270CECC1A778D3F003C981B /* Supporting Files */ = {
			isa = PBXGroup;
			children = (
				B270CECD1A778D3F003C981B /* Info.plist */,
			);
			name = "Supporting Files";
			sourceTree = "<group>";
		};
		B270CEE11A778D3F003C981B /* UBMannheimAppTests */ = {
			isa = PBXGroup;
			children = (
				B270CEE41A778D3F003C981B /* UBMannheimAppTests.swift */,
				B270CEE21A778D3F003C981B /* Supporting Files */,
			);
			path = UBMannheimAppTests;
			sourceTree = "<group>";
		};
		B270CEE21A778D3F003C981B /* Supporting Files */ = {
			isa = PBXGroup;
			children = (
				B270CEE31A778D3F003C981B /* Info.plist */,
			);
			name = "Supporting Files";
			sourceTree = "<group>";
		};
/* End PBXGroup section */

/* Begin PBXNativeTarget section */
		B270CEC81A778D3F003C981B /* UBMannheimApp */ = {
			isa = PBXNativeTarget;
			buildConfigurationList = B270CEE81A778D3F003C981B /* Build configuration list for PBXNativeTarget "UBMannheimApp" */;
			buildPhases = (
				B270CEC51A778D3F003C981B /* Sources */,
				B270CEC61A778D3F003C981B /* Frameworks */,
				B270CEC71A778D3F003C981B /* Resources */,
			);
			buildRules = (
			);
			dependencies = (
			);
			name = UBMannheimApp;
			productName = UBMannheimApp;
			productReference = B270CEC91A778D3F003C981B /* UBMannheimApp.app */;
			productType = "com.apple.product-type.application";
		};
		B270CEDD1A778D3F003C981B /* UBMannheimAppTests */ = {
			isa = PBXNativeTarget;
			buildConfigurationList = B270CEEB1A778D3F003C981B /* Build configuration list for PBXNativeTarget "UBMannheimAppTests" */;
			buildPhases = (
				B270CEDA1A778D3F003C981B /* Sources */,
				B270CEDB1A778D3F003C981B /* Frameworks */,
				B270CEDC1A778D3F003C981B /* Resources */,
			);
			buildRules = (
			);
			dependencies = (
				B270CEE01A778D3F003C981B /* PBXTargetDependency */,
			);
			name = UBMannheimAppTests;
			productName = UBMannheimAppTests;
			productReference = B270CEDE1A778D3F003C981B /* UBMannheimAppTests.xctest */;
			productType = "com.apple.product-type.bundle.unit-test";
		};
/* End PBXNativeTarget section */

/* Begin PBXProject section */
		B270CEC11A778D3E003C981B /* Project object */ = {
			isa = PBXProject;
			attributes = {
				LastUpgradeCheck = 0610;
				ORGANIZATIONNAME = "Alexander Wagner";
				TargetAttributes = {
					B270CEC81A778D3F003C981B = {
						CreatedOnToolsVersion = 6.1.1;
					};
					B270CEDD1A778D3F003C981B = {
						CreatedOnToolsVersion = 6.1.1;
						TestTargetID = B270CEC81A778D3F003C981B;
					};
				};
			};
			buildConfigurationList = B270CEC41A778D3E003C981B /* Build configuration list for PBXProject "UBMannheimApp" */;
			compatibilityVersion = "Xcode 3.2";
			developmentRegion = English;
			hasScannedForEncodings = 0;
			knownRegions = (
				en,
				Base,
			);
			mainGroup = B270CEC01A778D3E003C981B;
			productRefGroup = B270CECA1A778D3F003C981B /* Products */;
			projectDirPath = "";
			projectRoot = "";
			targets = (
				B270CEC81A778D3F003C981B /* UBMannheimApp */,
				B270CEDD1A778D3F003C981B /* UBMannheimAppTests */,
			);
		};
/* End PBXProject section */

/* Begin PBXResourcesBuildPhase section */
		B270CEC71A778D3F003C981B /* Resources */ = {
			isa = PBXResourcesBuildPhase;
			buildActionMask = 2147483647;
			files = (
				B2E46A3A1A8CA77A00C88E7C /* Main.storyboard in Resources */,
				B270CED91A778D3F003C981B /* LaunchScreen.xib in Resources */,
				B270CED61A778D3F003C981B /* Images.xcassets in Resources */,
			);
			runOnlyForDeploymentPostprocessing = 0;
		};
		B270CEDC1A778D3F003C981B /* Resources */ = {
			isa = PBXResourcesBuildPhase;
			buildActionMask = 2147483647;
			files = (
			);
			runOnlyForDeploymentPostprocessing = 0;
		};
/* End PBXResourcesBuildPhase section */

/* Begin PBXSourcesBuildPhase section */
		B270CEC51A778D3F003C981B /* Sources */ = {
			isa = PBXSourcesBuildPhase;
			buildActionMask = 2147483647;
			files = (
				B2B981B21A8CA58E001B390B /* MainViewController.swift in Sources */,
				B2FF89F61A8B9D3E00786581 /* FeedWebPageViewController.swift in Sources */,
				B2FF89F51A8B9D3E00786581 /* NewFeedViewController.swift in Sources */,
				B270CED11A778D3F003C981B /* ViewController.swift in Sources */,
				B2C4A7A81A8B842700B79B10 /* TableViewController.swift in Sources */,
				B2FF89F71A8B9D3E00786581 /* XmlParserManager.swift in Sources */,
				B2FF89F41A8B9D3E00786581 /* FeedTableViewController.swift in Sources */,
				B270CECF1A778D3F003C981B /* AppDelegate.swift in Sources */,
				B2C4A7A21A8B413500B79B10 /* WebViewController.swift in Sources */,
				B2C4A7A41A8B483800B79B10 /* SeatsViewController.swift in Sources */,
				B25923EE1A8CDC26000654B8 /* TestViewController.swift in Sources */,
				B2FF89F31A8B9D3E00786581 /* FeedPageViewController.swift in Sources */,
			);
			runOnlyForDeploymentPostprocessing = 0;
		};
		B270CEDA1A778D3F003C981B /* Sources */ = {
			isa = PBXSourcesBuildPhase;
			buildActionMask = 2147483647;
			files = (
				B270CEE51A778D3F003C981B /* UBMannheimAppTests.swift in Sources */,
			);
			runOnlyForDeploymentPostprocessing = 0;
		};
/* End PBXSourcesBuildPhase section */

/* Begin PBXTargetDependency section */
		B270CEE01A778D3F003C981B /* PBXTargetDependency */ = {
			isa = PBXTargetDependency;
			target = B270CEC81A778D3F003C981B /* UBMannheimApp */;
			targetProxy = B270CEDF1A778D3F003C981B /* PBXContainerItemProxy */;
		};
/* End PBXTargetDependency section */

/* Begin PBXVariantGroup section */
		B270CED21A778D3F003C981B /* Main.storyboard */ = {
			isa = PBXVariantGroup;
			children = (
				B270CED31A778D3F003C981B /* Base */,
			);
			name = Main.storyboard;
			sourceTree = "<group>";
		};
		B270CED71A778D3F003C981B /* LaunchScreen.xib */ = {
			isa = PBXVariantGroup;
			children = (
				B270CED81A778D3F003C981B /* Base */,
			);
			name = LaunchScreen.xib;
			sourceTree = "<group>";
		};
/* End PBXVariantGroup section */

/* Begin XCBuildConfiguration section */
		B270CEE61A778D3F003C981B /* Debug */ = {
			isa = XCBuildConfiguration;
			buildSettings = {
				ALWAYS_SEARCH_USER_PATHS = NO;
				CLANG_CXX_LANGUAGE_STANDARD = "gnu++0x";
				CLANG_CXX_LIBRARY = "libc++";
				CLANG_ENABLE_MODULES = YES;
				CLANG_ENABLE_OBJC_ARC = YES;
				CLANG_WARN_BOOL_CONVERSION = YES;
				CLANG_WARN_CONSTANT_CONVERSION = YES;
				CLANG_WARN_DIRECT_OBJC_ISA_USAGE = YES_ERROR;
				CLANG_WARN_EMPTY_BODY = YES;
				CLANG_WARN_ENUM_CONVERSION = YES;
				CLANG_WARN_INT_CONVERSION = YES;
				CLANG_WARN_OBJC_ROOT_CLASS = YES_ERROR;
				CLANG_WARN_UNREACHABLE_CODE = YES;
				CLANG_WARN__DUPLICATE_METHOD_MATCH = YES;
				"CODE_SIGN_IDENTITY[sdk=iphoneos*]" = "iPhone Developer";
				COPY_PHASE_STRIP = NO;
				ENABLE_STRICT_OBJC_MSGSEND = YES;
				GCC_C_LANGUAGE_STANDARD = gnu99;
				GCC_DYNAMIC_NO_PIC = NO;
				GCC_OPTIMIZATION_LEVEL = 0;
				GCC_PREPROCESSOR_DEFINITIONS = (
					"DEBUG=1",
					"$(inherited)",
				);
				GCC_SYMBOLS_PRIVATE_EXTERN = NO;
				GCC_WARN_64_TO_32_BIT_CONVERSION = YES;
				GCC_WARN_ABOUT_RETURN_TYPE = YES_ERROR;
				GCC_WARN_UNDECLARED_SELECTOR = YES;
				GCC_WARN_UNINITIALIZED_AUTOS = YES_AGGRESSIVE;
				GCC_WARN_UNUSED_FUNCTION = YES;
				GCC_WARN_UNUSED_VARIABLE = YES;
				IPHONEOS_DEPLOYMENT_TARGET = 8.1;
				MTL_ENABLE_DEBUG_INFO = YES;
				ONLY_ACTIVE_ARCH = YES;
				SDKROOT = iphoneos;
				SWIFT_OPTIMIZATION_LEVEL = "-Onone";
			};
			name = Debug;
		};
		B270CEE71A778D3F003C981B /* Release */ = {
			isa = XCBuildConfiguration;
			buildSettings = {
				ALWAYS_SEARCH_USER_PATHS = NO;
				CLANG_CXX_LANGUAGE_STANDARD = "gnu++0x";
				CLANG_CXX_LIBRARY = "libc++";
				CLANG_ENABLE_MODULES = YES;
				CLANG_ENABLE_OBJC_ARC = YES;
				CLANG_WARN_BOOL_CONVERSION = YES;
				CLANG_WARN_CONSTANT_CONVERSION = YES;
				CLANG_WARN_DIRECT_OBJC_ISA_USAGE = YES_ERROR;
				CLANG_WARN_EMPTY_BODY = YES;
				CLANG_WARN_ENUM_CONVERSION = YES;
				CLANG_WARN_INT_CONVERSION = YES;
				CLANG_WARN_OBJC_ROOT_CLASS = YES_ERROR;
				CLANG_WARN_UNREACHABLE_CODE = YES;
				CLANG_WARN__DUPLICATE_METHOD_MATCH = YES;
				"CODE_SIGN_IDENTITY[sdk=iphoneos*]" = "iPhone Developer";
				COPY_PHASE_STRIP = YES;
				ENABLE_NS_ASSERTIONS = NO;
				ENABLE_STRICT_OBJC_MSGSEND = YES;
				GCC_C_LANGUAGE_STANDARD = gnu99;
				GCC_WARN_64_TO_32_BIT_CONVERSION = YES;
				GCC_WARN_ABOUT_RETURN_TYPE = YES_ERROR;
				GCC_WARN_UNDECLARED_SELECTOR = YES;
				GCC_WARN_UNINITIALIZED_AUTOS = YES_AGGRESSIVE;
				GCC_WARN_UNUSED_FUNCTION = YES;
				GCC_WARN_UNUSED_VARIABLE = YES;
				IPHONEOS_DEPLOYMENT_TARGET = 8.1;
				MTL_ENABLE_DEBUG_INFO = NO;
				SDKROOT = iphoneos;
				VALIDATE_PRODUCT = YES;
			};
			name = Release;
		};
		B270CEE91A778D3F003C981B /* Debug */ = {
			isa = XCBuildConfiguration;
			buildSettings = {
				ASSETCATALOG_COMPILER_APPICON_NAME = AppIcon;
				INFOPLIST_FILE = UBMannheimApp/Info.plist;
				LD_RUNPATH_SEARCH_PATHS = "$(inherited) @executable_path/Frameworks";
				PRODUCT_NAME = "$(TARGET_NAME)";
			};
			name = Debug;
		};
		B270CEEA1A778D3F003C981B /* Release */ = {
			isa = XCBuildConfiguration;
			buildSettings = {
				ASSETCATALOG_COMPILER_APPICON_NAME = AppIcon;
				INFOPLIST_FILE = UBMannheimApp/Info.plist;
				LD_RUNPATH_SEARCH_PATHS = "$(inherited) @executable_path/Frameworks";
				PRODUCT_NAME = "$(TARGET_NAME)";
			};
			name = Release;
		};
		B270CEEC1A778D3F003C981B /* Debug */ = {
			isa = XCBuildConfiguration;
			buildSettings = {
				BUNDLE_LOADER = "$(TEST_HOST)";
				FRAMEWORK_SEARCH_PATHS = (
					"$(SDKROOT)/Developer/Library/Frameworks",
					"$(inherited)",
				);
				GCC_PREPROCESSOR_DEFINITIONS = (
					"DEBUG=1",
					"$(inherited)",
				);
				INFOPLIST_FILE = UBMannheimAppTests/Info.plist;
				LD_RUNPATH_SEARCH_PATHS = "$(inherited) @executable_path/Frameworks @loader_path/Frameworks";
				PRODUCT_NAME = "$(TARGET_NAME)";
				TEST_HOST = "$(BUILT_PRODUCTS_DIR)/UBMannheimApp.app/UBMannheimApp";
			};
			name = Debug;
		};
		B270CEED1A778D3F003C981B /* Release */ = {
			isa = XCBuildConfiguration;
			buildSettings = {
				BUNDLE_LOADER = "$(TEST_HOST)";
				FRAMEWORK_SEARCH_PATHS = (
					"$(SDKROOT)/Developer/Library/Frameworks",
					"$(inherited)",
				);
				INFOPLIST_FILE = UBMannheimAppTests/Info.plist;
				LD_RUNPATH_SEARCH_PATHS = "$(inherited) @executable_path/Frameworks @loader_path/Frameworks";
				PRODUCT_NAME = "$(TARGET_NAME)";
				TEST_HOST = "$(BUILT_PRODUCTS_DIR)/UBMannheimApp.app/UBMannheimApp";
			};
			name = Release;
		};
/* End XCBuildConfiguration section */

/* Begin XCConfigurationList section */
		B270CEC41A778D3E003C981B /* Build configuration list for PBXProject "UBMannheimApp" */ = {
			isa = XCConfigurationList;
			buildConfigurations = (
				B270CEE61A778D3F003C981B /* Debug */,
				B270CEE71A778D3F003C981B /* Release */,
			);
			defaultConfigurationIsVisible = 0;
			defaultConfigurationName = Release;
		};
		B270CEE81A778D3F003C981B /* Build configuration list for PBXNativeTarget "UBMannheimApp" */ = {
			isa = XCConfigurationList;
			buildConfigurations = (
				B270CEE91A778D3F003C981B /* Debug */,
				B270CEEA1A778D3F003C981B /* Release */,
			);
			defaultConfigurationIsVisible = 0;
			defaultConfigurationName = Release;
		};
		B270CEEB1A778D3F003C981B /* Build configuration list for PBXNativeTarget "UBMannheimAppTests" */ = {
			isa = XCConfigurationList;
			buildConfigurations = (
				B270CEEC1A778D3F003C981B /* Debug */,
				B270CEED1A778D3F003C981B /* Release */,
			);
			defaultConfigurationIsVisible = 0;
			defaultConfigurationName = Release;
		};
/* End XCConfigurationList section */
	};
	rootObject = B270CEC11A778D3E003C981B /* Project object */;
}
